[[package]]
name = "aiohttp"
version = "3.7.4.post0"
description = "Async http client/server framework (asyncio)"
category = "main"
optional = false
python-versions = ">=3.6"

[package.dependencies]
async-timeout = ">=3.0,<4.0"
attrs = ">=17.3.0"
chardet = ">=2.0,<5.0"
multidict = ">=4.5,<7.0"
typing-extensions = ">=3.6.5"
yarl = ">=1.0,<2.0"

[package.extras]
speedups = ["aiodns", "brotlipy", "cchardet"]

[[package]]
name = "async-timeout"
version = "3.0.1"
description = "Timeout context manager for asyncio programs"
category = "main"
optional = false
python-versions = ">=3.5.3"

[[package]]
name = "attrs"
version = "21.4.0"
description = "Classes Without Boilerplate"
category = "main"
optional = false
python-versions = ">=2.7, !=3.0.*, !=3.1.*, !=3.2.*, !=3.3.*, !=3.4.*"

[package.extras]
dev = ["coverage[toml] (>=5.0.2)", "hypothesis", "pympler", "pytest (>=4.3.0)", "six", "mypy", "pytest-mypy-plugins", "zope.interface", "furo", "sphinx", "sphinx-notfound-page", "pre-commit", "cloudpickle"]
docs = ["furo", "sphinx", "zope.interface", "sphinx-notfound-page"]
tests = ["coverage[toml] (>=5.0.2)", "hypothesis", "pympler", "pytest (>=4.3.0)", "six", "mypy", "pytest-mypy-plugins", "zope.interface", "cloudpickle"]
tests_no_zope = ["coverage[toml] (>=5.0.2)", "hypothesis", "pympler", "pytest (>=4.3.0)", "six", "mypy", "pytest-mypy-plugins", "cloudpickle"]

[[package]]
name = "beautifulsoup4"
version = "4.12.2"
description = "Screen-scraping library"
category = "main"
optional = false
python-versions = ">=3.6.0"

[package.dependencies]
soupsieve = ">1.2"

[package.extras]
html5lib = ["html5lib"]
lxml = ["lxml"]

[[package]]
name = "bs4"
version = "0.0.1"
description = "Dummy package for Beautiful Soup"
category = "main"
optional = false
python-versions = "*"

[package.dependencies]
beautifulsoup4 = "*"

[[package]]
name = "certifi"
version = "2022.12.7"
description = "Python package for providing Mozilla's CA Bundle."
category = "main"
optional = false
python-versions = ">=3.6"

[[package]]
name = "chardet"
version = "4.0.0"
description = "Universal encoding detector for Python 2 and 3"
category = "main"
optional = false
python-versions = ">=2.7, !=3.0.*, !=3.1.*, !=3.2.*, !=3.3.*, !=3.4.*"

[[package]]
name = "charset-normalizer"
version = "3.0.1"
description = "The Real First Universal Charset Detector. Open, modern and actively maintained alternative to Chardet."
category = "main"
optional = false
python-versions = "*"

[[package]]
name = "colorama"
version = "0.4.4"
description = "Cross-platform colored terminal text."
category = "main"
optional = false
python-versions = ">=2.7, !=3.0.*, !=3.1.*, !=3.2.*, !=3.3.*, !=3.4.*"

[[package]]
name = "convert"
version = "0.1.2"
description = "simple multi-purpose converter"
category = "main"
optional = false
python-versions = "*"

[[package]]
name = "discord"
version = "1.7.3"
description = "A mirror package for discord.py. Please install that instead."
category = "main"
optional = false
python-versions = "*"

[package.dependencies]
"discord.py" = ">=1.7.3"

[[package]]
name = "discord.py"
version = "1.7.3"
description = "A Python wrapper for the Discord API"
category = "main"
optional = false
python-versions = ">=3.5.3"

[package.dependencies]
aiohttp = ">=3.6.0,<3.8.0"

[package.extras]
docs = ["sphinx (==3.0.3)", "sphinxcontrib-trio (==1.1.2)", "sphinxcontrib-websupport"]
voice = ["PyNaCl (>=1.3.0,<1.5)"]

[[package]]
name = "guild"
version = "1.1.4"
description = "An Actor library supporting concurrency using pipelinable pythonic actors"
category = "main"
optional = false
python-versions = "*"

[[package]]
name = "humanfriendly"
version = "10.0"
description = "Human friendly output for text interfaces using Python"
category = "main"
optional = false
python-versions = ">=2.7, !=3.0.*, !=3.1.*, !=3.2.*, !=3.3.*, !=3.4.*"

[package.dependencies]
pyreadline3 = {version = "*", markers = "sys_platform == \"win32\" and python_version >= \"3.8\""}

[[package]]
name = "idna"
version = "3.3"
description = "Internationalized Domain Names in Applications (IDNA)"
category = "main"
optional = false
python-versions = ">=3.5"

[[package]]
name = "modules"
version = "1.0.0"
description = "Simple test on modules"
category = "main"
optional = false
python-versions = "*"

[[package]]
name = "multidict"
version = "6.0.2"
description = "multidict implementation"
category = "main"
optional = false
python-versions = ">=3.7"

[[package]]
name = "numpy"
version = "1.22.2"
description = "NumPy is the fundamental package for array computing with Python."
category = "main"
optional = false
python-versions = ">=3.8"

[[package]]
name = "oauthlib"
version = "3.2.2"
description = "A generic, spec-compliant, thorough implementation of the OAuth request-signing logic"
category = "main"
optional = false
python-versions = ">=3.6"

[package.extras]
rsa = ["cryptography (>=3.0.0)"]
signals = ["blinker (>=1.4.0)"]
signedtoken = ["cryptography (>=3.0.0)", "pyjwt (>=2.0.0,<3)"]

[[package]]
name = "psutil"
version = "5.9.5"
description = "Cross-platform lib for process and system monitoring in Python."
category = "main"
optional = false
python-versions = ">=2.7, !=3.0.*, !=3.1.*, !=3.2.*, !=3.3.*"

[package.extras]
test = ["ipaddress", "mock", "enum34", "pywin32", "wmi"]

[[package]]
name = "pydantic"
version = "1.10.8"
description = "Data validation and settings management using python type hints"
category = "main"
optional = false
python-versions = ">=3.7"

[package.dependencies]
typing-extensions = ">=4.2.0"

[package.extras]
dotenv = ["python-dotenv (>=0.10.4)"]
email = ["email-validator (>=1.0.3)"]

[[package]]
name = "pyreadline3"
version = "3.4.1"
description = "A python implementation of GNU readline."
category = "main"
optional = false
python-versions = "*"

[[package]]
name = "requests"
version = "2.28.2"
description = "Python HTTP for Humans."
category = "main"
optional = false
python-versions = ">=3.7, <4"

[package.dependencies]
certifi = ">=2017.4.17"
charset-normalizer = ">=2,<4"
idna = ">=2.5,<4"
urllib3 = ">=1.21.1,<1.27"

[package.extras]
socks = ["PySocks (>=1.5.6,!=1.5.7)"]
use_chardet_on_py3 = ["chardet (>=3.0.2,<6)"]

[[package]]
name = "requests-oauthlib"
version = "1.3.1"
description = "OAuthlib authentication support for Requests."
category = "main"
optional = false
python-versions = ">=2.7, !=3.0.*, !=3.1.*, !=3.2.*, !=3.3.*"

[package.dependencies]
oauthlib = ">=3.0.0"
requests = ">=2.0.0"

[package.extras]
rsa = ["oauthlib[signedtoken] (>=3.0.0)"]

[[package]]
name = "soupsieve"
version = "2.4.1"
description = "A modern CSS selector implementation for Beautiful Soup."
category = "main"
optional = false
python-versions = ">=3.7"

[[package]]
name = "tweepy"
version = "4.14.0"
description = "Twitter library for Python"
category = "main"
optional = false
python-versions = ">=3.7"

[package.dependencies]
oauthlib = ">=3.2.0,<4"
requests = ">=2.27.0,<3"
requests-oauthlib = ">=1.2.0,<2"

[package.extras]
async = ["aiohttp (>=3.7.3,<4)", "async-lru (>=1.0.3,<3)"]
dev = ["coverage (>=4.4.2)", "coveralls (>=2.1.0)", "tox (>=3.21.0)"]
docs = ["myst-parser (==0.15.2)", "readthedocs-sphinx-search (==0.1.1)", "sphinx (==4.2.0)", "sphinx-hoverxref (==0.7b1)", "sphinx-tabs (==3.2.0)", "sphinx-rtd-theme (==1.0.0)"]
socks = ["requests[socks] (>=2.27.0,<3)"]
test = ["vcrpy (>=1.10.3)"]

[[package]]
name = "typing-extensions"
version = "4.2.0"
description = "Backported and Experimental Type Hints for Python 3.7+"
category = "main"
optional = false
python-versions = ">=3.7"

[[package]]
name = "urllib3"
version = "1.26.14"
description = "HTTP library with thread-safe connection pooling, file post, and more."
category = "main"
optional = false
python-versions = ">=2.7, !=3.0.*, !=3.1.*, !=3.2.*, !=3.3.*, !=3.4.*, !=3.5.*"

[package.extras]
brotli = ["brotlicffi (>=0.8.0)", "brotli (>=1.0.9)", "brotlipy (>=0.6.0)"]
secure = ["pyOpenSSL (>=0.14)", "cryptography (>=1.3.4)", "idna (>=2.0.0)", "certifi", "urllib3-secure-extra", "ipaddress"]
socks = ["PySocks (>=1.5.6,!=1.5.7,<2.0)"]

[[package]]
name = "yarl"
version = "1.7.2"
description = "Yet another URL library"
category = "main"
optional = false
python-versions = ">=3.6"

[package.dependencies]
idna = ">=2.0"
multidict = ">=4.0"

[metadata]
lock-version = "1.1"
python-versions = ">=3.8.0,<3.9"
content-hash = "3f17dd9ecabb4a8fb4a8f1ea27994b5a7cd26590010e93c4cc75102942796dda"

[metadata.files]
aiohttp = []
async-timeout = []
attrs = []
beautifulsoup4 = [
    {file = "beautifulsoup4-4.12.2-py3-none-any.whl", hash = "sha256:bd2520ca0d9d7d12694a53d44ac482d181b4ec1888909b035a3dbf40d0f57d4a"},
    {file = "beautifulsoup4-4.12.2.tar.gz", hash = "sha256:492bbc69dca35d12daac71c4db1bfff0c876c00ef4a2ffacce226d4638eb72da"},
]
bs4 = [
    {file = "bs4-0.0.1.tar.gz", hash = "sha256:36ecea1fd7cc5c0c6e4a1ff075df26d50da647b75376626cc186e2212886dd3a"},
]
certifi = []
chardet = []
charset-normalizer = []
colorama = []
convert = [
    {file = "convert-0.1.2.tar.gz", hash = "sha256:61f2d399d31f2031cc00041832a35d9b487742e83cb5c788fcbe0ba3f6a03d55"},
]
discord = []
"discord.py" = []
guild = []
humanfriendly = [
    {file = "humanfriendly-10.0-py2.py3-none-any.whl", hash = "sha256:1697e1a8a8f550fd43c2865cd84542fc175a61dcb779b6fee18cf6b6ccba1477"},
    {file = "humanfriendly-10.0.tar.gz", hash = "sha256:6b0b831ce8f15f7300721aa49829fc4e83921a9a301cc7f606be6686a2288ddc"},
]
idna = []
modules = [
    {file = "modules-1.0.0.tar.gz", hash = "sha256:5146b31b76e9899f95c19e3654c6aee2799694b912ca00faec6798725486934b"},
]
multidict = []
numpy = []
oauthlib = [
    {file = "oauthlib-3.2.2-py3-none-any.whl", hash = "sha256:8139f29aac13e25d502680e9e19963e83f16838d48a0d71c287fe40e7067fbca"},
    {file = "oauthlib-3.2.2.tar.gz", hash = "sha256:9859c40929662bec5d64f34d01c99e093149682a3f38915dc0655d5a633dd918"},
]
psutil = [
    {file = "psutil-5.9.5-cp27-cp27m-macosx_10_9_x86_64.whl", hash = "sha256:be8929ce4313f9f8146caad4272f6abb8bf99fc6cf59344a3167ecd74f4f203f"},
    {file = "psutil-5.9.5-cp27-cp27m-manylinux2010_i686.whl", hash = "sha256:ab8ed1a1d77c95453db1ae00a3f9c50227ebd955437bcf2a574ba8adbf6a74d5"},
    {file = "psutil-5.9.5-cp27-cp27m-manylinux2010_x86_64.whl", hash = "sha256:4aef137f3345082a3d3232187aeb4ac4ef959ba3d7c10c33dd73763fbc063da4"},
    {file = "psutil-5.9.5-cp27-cp27mu-manylinux2010_i686.whl", hash = "sha256:ea8518d152174e1249c4f2a1c89e3e6065941df2fa13a1ab45327716a23c2b48"},
    {file = "psutil-5.9.5-cp27-cp27mu-manylinux2010_x86_64.whl", hash = "sha256:acf2aef9391710afded549ff602b5887d7a2349831ae4c26be7c807c0a39fac4"},
    {file = "psutil-5.9.5-cp27-none-win32.whl", hash = "sha256:5b9b8cb93f507e8dbaf22af6a2fd0ccbe8244bf30b1baad6b3954e935157ae3f"},
    {file = "psutil-5.9.5-cp27-none-win_amd64.whl", hash = "sha256:8c5f7c5a052d1d567db4ddd231a9d27a74e8e4a9c3f44b1032762bd7b9fdcd42"},
    {file = "psutil-5.9.5-cp36-abi3-macosx_10_9_x86_64.whl", hash = "sha256:3c6f686f4225553615612f6d9bc21f1c0e305f75d7d8454f9b46e901778e7217"},
    {file = "psutil-5.9.5-cp36-abi3-manylinux_2_12_i686.manylinux2010_i686.manylinux_2_17_i686.manylinux2014_i686.whl", hash = "sha256:7a7dd9997128a0d928ed4fb2c2d57e5102bb6089027939f3b722f3a210f9a8da"},
    {file = "psutil-5.9.5-cp36-abi3-manylinux_2_12_x86_64.manylinux2010_x86_64.manylinux_2_17_x86_64.manylinux2014_x86_64.whl", hash = "sha256:89518112647f1276b03ca97b65cc7f64ca587b1eb0278383017c2a0dcc26cbe4"},
    {file = "psutil-5.9.5-cp36-abi3-win32.whl", hash = "sha256:104a5cc0e31baa2bcf67900be36acde157756b9c44017b86b2c049f11957887d"},
    {file = "psutil-5.9.5-cp36-abi3-win_amd64.whl", hash = "sha256:b258c0c1c9d145a1d5ceffab1134441c4c5113b2417fafff7315a917a026c3c9"},
    {file = "psutil-5.9.5-cp38-abi3-macosx_11_0_arm64.whl", hash = "sha256:c607bb3b57dc779d55e1554846352b4e358c10fff3abf3514a7a6601beebdb30"},
    {file = "psutil-5.9.5.tar.gz", hash = "sha256:5410638e4df39c54d957fc51ce03048acd8e6d60abc0f5107af51e5fb566eb3c"},
]
pydantic = []
pyreadline3 = []
requests = []
requests-oauthlib = [
    {file = "requests-oauthlib-1.3.1.tar.gz", hash = "sha256:75beac4a47881eeb94d5ea5d6ad31ef88856affe2332b9aafb52c6452ccf0d7a"},
    {file = "requests_oauthlib-1.3.1-py2.py3-none-any.whl", hash = "sha256:2577c501a2fb8d05a304c09d090d6e47c306fef15809d102b327cf8364bddab5"},
]
soupsieve = [
    {file = "soupsieve-2.4.1-py3-none-any.whl", hash = "sha256:1c1bfee6819544a3447586c889157365a27e10d88cde3ad3da0cf0ddf646feb8"},
    {file = "soupsieve-2.4.1.tar.gz", hash = "sha256:89d12b2d5dfcd2c9e8c22326da9d9aa9cb3dfab0a83a024f05704076ee8d35ea"},
]
tweepy = [
    {file = "tweepy-4.14.0-py3-none-any.whl", hash = "sha256:db6d3844ccc0c6d27f339f12ba8acc89912a961da513c1ae50fa2be502a56afb"},
    {file = "tweepy-4.14.0.tar.gz", hash = "sha256:1f9f1707d6972de6cff6c5fd90dfe6a449cd2e0d70bd40043ffab01e07a06c8c"},
]
typing-extensions = []
urllib3 = []
yarl = []
